
Microsoft Visual Studio Solution File, Format Version 12.00
# Visual Studio Version 16
VisualStudioVersion = 16.0.30611.23
MinimumVisualStudioVersion = 10.0.40219.1
Project("{FAE04EC0-301F-11D3-BF4B-00C04F79EFBC}") = "library", "library.csproj", "{4A916466-714C-4952-943E-9226CF131321}"
EndProject
Project("{2150E333-8FDC-42A3-9474-1A3956D46DE8}") = "Solution Items", "Solution Items", "{2BD118F2-C256-4694-B7AC-C36E978F4FE6}"
	ProjectSection(SolutionItems) = preProject
		.editorconfig = .editorconfig
	EndProjectSection
EndProject
Global
	GlobalSection(SolutionConfigurationPlatforms) = preSolution
		Debug|Any CPU = Debug|Any CPU
		Release|Any CPU = Release|Any CPU
	EndGlobalSection
	GlobalSection(ProjectConfigurationPlatforms) = postSolution
		{4A916466-714C-4952-943E-9226CF131321}.Debug|Any CPU.ActiveCfg = Debug|Any CPU
		{4A916466-714C-4952-943E-9226CF131321}.Debug|Any CPU.Build.0 = Debug|Any CPU
		{4A916466-714C-4952-943E-9226CF131321}.Release|Any CPU.ActiveCfg = Release|Any CPU
		{4A916466-714C-4952-943E-9226CF131321}.Release|Any CPU.Build.0 = Release|Any CPU
	EndGlobalSection
	GlobalSection(SolutionProperties) = preSolution
		HideSolutionNode = FALSE
	EndGlobalSection
	GlobalSection(ExtensibilityGlobals) = postSolution
		SolutionGuid = {B14EBDF3-B29A-436B-A78C-CB9351AEF0DF}
	EndGlobalSection
EndGlobal
